// !$*UTF8*$!
{
	archiveVersion = 1;
	classes = {
	};
	objectVersion = 46;
	objects = {

/* Begin PBXGroup section */
		AFBC050B1B3C7BEB0026061F = {
			isa = PBXGroup;
			children = (
			);
			sourceTree = "<group>";
		};
/* End PBXGroup section */

/* Begin PBXProject section */
		AFBC050C1B3C7BEB0026061F /* Project object */ = {
			isa = PBXProject;
			attributes = {
				LastUpgradeCheck = 0630;
			};
			buildConfigurationList = AFBC050F1B3C7BEB0026061F /* Build configuration list for PBXProject "Free-Copter" */;
			compatibilityVersion = "Xcode 3.2";
			developmentRegion = English;
			hasScannedForEncodings = 0;
			knownRegions = (
				en,
			);
			mainGroup = AFBC050B1B3C7BEB0026061F;
			projectDirPath = "";
			projectRoot = "";
			targets = (
			);
		};
/* End PBXProject section */

/* Begin XCBuildConfiguration section */
		AFBC05101B3C7BEB0026061F /* Debug */ = {
			isa = XCBuildConfiguration;
			buildSettings = {
			};
			name = Debug;
		};
		AFBC05111B3C7BEB0026061F /* Release */ = {
			isa = XCBuildConfiguration;
			buildSettings = {
			};
			name = Release;
		};
/* End XCBuildConfiguration section */

/* Begin XCConfigurationList section */
		AFBC050F1B3C7BEB0026061F /* Build configuration list for PBXProject "Free-Copter" */ = {
			isa = XCConfigurationList;
			buildConfigurations = (
				AFBC05101B3C7BEB0026061F /* Debug */,
				AFBC05111B3C7BEB0026061F /* Release */,
			);
			defaultConfigurationIsVisible = 0;
			defaultConfigurationName = Debug;
		};
/* End XCConfigurationList section */
	};
	rootObject = AFBC050C1B3C7BEB0026061F /* Project object */;
}
